// !$*UTF8*$!
{
	archiveVersion = 1;
	classes = {
	};
	objectVersion = 56;
	objects = {

/* Begin PBXBuildFile section */
		4B2ACDD128815E6F00AC5599 /* Model.swift in Sources */ = {isa = PBXBuildFile; fileRef = 4B2ACDD028815E6F00AC5599 /* Model.swift */; };
		4BA1517B2881681A002F6804 /* FocusEntity in Frameworks */ = {isa = PBXBuildFile; productRef = 4BA1517A2881681A002F6804 /* FocusEntity */; };
		4BFDE671287FFB65009E5E32 /* AppDelegate.swift in Sources */ = {isa = PBXBuildFile; fileRef = 4BFDE670287FFB65009E5E32 /* AppDelegate.swift */; };
		4BFDE673287FFB65009E5E32 /* ContentView.swift in Sources */ = {isa = PBXBuildFile; fileRef = 4BFDE672287FFB65009E5E32 /* ContentView.swift */; };
		4BFDE675287FFB65009E5E32 /* Experience.rcproject in Sources */ = {isa = PBXBuildFile; fileRef = 4BFDE674287FFB65009E5E32 /* Experience.rcproject */; };
		4BFDE677287FFB65009E5E32 /* Assets.xcassets in Resources */ = {isa = PBXBuildFile; fileRef = 4BFDE676287FFB65009E5E32 /* Assets.xcassets */; };
		4BFDE67A287FFB65009E5E32 /* Preview Assets.xcassets in Resources */ = {isa = PBXBuildFile; fileRef = 4BFDE679287FFB65009E5E32 /* Preview Assets.xcassets */; };
		4BFDE685288005C5009E5E32 /* gramophone.usdz in Resources */ = {isa = PBXBuildFile; fileRef = 4BFDE681288005C5009E5E32 /* gramophone.usdz */; };
		4BFDE686288005C5009E5E32 /* toy_car.usdz in Resources */ = {isa = PBXBuildFile; fileRef = 4BFDE682288005C5009E5E32 /* toy_car.usdz */; };
		4BFDE687288005C5009E5E32 /* toy_biplane.usdz in Resources */ = {isa = PBXBuildFile; fileRef = 4BFDE683288005C5009E5E32 /* toy_biplane.usdz */; };
		4BFDE688288005C5009E5E32 /* toy_drummer.usdz in Resources */ = {isa = PBXBuildFile; fileRef = 4BFDE684288005C5009E5E32 /* toy_drummer.usdz */; };
/* End PBXBuildFile section */

/* Begin PBXFileReference section */
		4B2ACDD028815E6F00AC5599 /* Model.swift */ = {isa = PBXFileReference; lastKnownFileType = sourcecode.swift; path = Model.swift; sourceTree = "<group>"; };
		4BFDE66D287FFB65009E5E32 /* ModelPickerApp.app */ = {isa = PBXFileReference; explicitFileType = wrapper.application; includeInIndex = 0; path = ModelPickerApp.app; sourceTree = BUILT_PRODUCTS_DIR; };
		4BFDE670287FFB65009E5E32 /* AppDelegate.swift */ = {isa = PBXFileReference; lastKnownFileType = sourcecode.swift; path = AppDelegate.swift; sourceTree = "<group>"; };
		4BFDE672287FFB65009E5E32 /* ContentView.swift */ = {isa = PBXFileReference; lastKnownFileType = sourcecode.swift; path = ContentView.swift; sourceTree = "<group>"; };
		4BFDE674287FFB65009E5E32 /* Experience.rcproject */ = {isa = PBXFileReference; lastKnownFileType = file.rcproject; path = Experience.rcproject; sourceTree = "<group>"; };
		4BFDE676287FFB65009E5E32 /* Assets.xcassets */ = {isa = PBXFileReference; lastKnownFileType = folder.assetcatalog; path = Assets.xcassets; sourceTree = "<group>"; };
		4BFDE679287FFB65009E5E32 /* Preview Assets.xcassets */ = {isa = PBXFileReference; lastKnownFileType = folder.assetcatalog; path = "Preview Assets.xcassets"; sourceTree = "<group>"; };
		4BFDE681288005C5009E5E32 /* gramophone.usdz */ = {isa = PBXFileReference; lastKnownFileType = file.usdz; name = gramophone.usdz; path = ../../../../Assets/gramophone.usdz; sourceTree = "<group>"; };
		4BFDE682288005C5009E5E32 /* toy_car.usdz */ = {isa = PBXFileReference; lastKnownFileType = file.usdz; name = toy_car.usdz; path = ../../../../Assets/toy_car.usdz; sourceTree = "<group>"; };
		4BFDE683288005C5009E5E32 /* toy_biplane.usdz */ = {isa = PBXFileReference; lastKnownFileType = file.usdz; name = toy_biplane.usdz; path = ../../../../Assets/toy_biplane.usdz; sourceTree = "<group>"; };
		4BFDE684288005C5009E5E32 /* toy_drummer.usdz */ = {isa = PBXFileReference; lastKnownFileType = file.usdz; name = toy_drummer.usdz; path = ../../../../Assets/toy_drummer.usdz; sourceTree = "<group>"; };
/* End PBXFileReference section */

/* Begin PBXFrameworksBuildPhase section */
		4BFDE66A287FFB65009E5E32 /* Frameworks */ = {
			isa = PBXFrameworksBuildPhase;
			buildActionMask = 2147483647;
			files = (
				4BA1517B2881681A002F6804 /* FocusEntity in Frameworks */,
			);
			runOnlyForDeploymentPostprocessing = 0;
		};
/* End PBXFrameworksBuildPhase section */

/* Begin PBXGroup section */
		4BFDE664287FFB65009E5E32 = {
			isa = PBXGroup;
			children = (
				4BFDE66F287FFB65009E5E32 /* ModelPickerApp */,
				4BFDE66E287FFB65009E5E32 /* Products */,
			);
			sourceTree = "<group>";
		};
		4BFDE66E287FFB65009E5E32 /* Products */ = {
			isa = PBXGroup;
			children = (
				4BFDE66D287FFB65009E5E32 /* ModelPickerApp.app */,
			);
			name = Products;
			sourceTree = "<group>";
		};
		4BFDE66F287FFB65009E5E32 /* ModelPickerApp */ = {
			isa = PBXGroup;
			children = (
				4BFDE680288005B6009E5E32 /* Models */,
				4BFDE670287FFB65009E5E32 /* AppDelegate.swift */,
				4BFDE672287FFB65009E5E32 /* ContentView.swift */,
				4B2ACDD028815E6F00AC5599 /* Model.swift */,
				4BFDE674287FFB65009E5E32 /* Experience.rcproject */,
				4BFDE676287FFB65009E5E32 /* Assets.xcassets */,
				4BFDE678287FFB65009E5E32 /* Preview Content */,
			);
			path = ModelPickerApp;
			sourceTree = "<group>";
		};
		4BFDE678287FFB65009E5E32 /* Preview Content */ = {
			isa = PBXGroup;
			children = (
				4BFDE679287FFB65009E5E32 /* Preview Assets.xcassets */,
			);
			path = "Preview Content";
			sourceTree = "<group>";
		};
		4BFDE680288005B6009E5E32 /* Models */ = {
			isa = PBXGroup;
			children = (
				4BFDE681288005C5009E5E32 /* gramophone.usdz */,
				4BFDE683288005C5009E5E32 /* toy_biplane.usdz */,
				4BFDE682288005C5009E5E32 /* toy_car.usdz */,
				4BFDE684288005C5009E5E32 /* toy_drummer.usdz */,
			);
			path = Models;
			sourceTree = "<group>";
		};
/* End PBXGroup section */

/* Begin PBXNativeTarget section */
		4BFDE66C287FFB65009E5E32 /* ModelPickerApp */ = {
			isa = PBXNativeTarget;
			buildConfigurationList = 4BFDE67D287FFB65009E5E32 /* Build configuration list for PBXNativeTarget "ModelPickerApp" */;
			buildPhases = (
				4BFDE669287FFB65009E5E32 /* Sources */,
				4BFDE66A287FFB65009E5E32 /* Frameworks */,
				4BFDE66B287FFB65009E5E32 /* Resources */,
			);
			buildRules = (
			);
			dependencies = (
			);
			name = ModelPickerApp;
			packageProductDependencies = (
				4BA1517A2881681A002F6804 /* FocusEntity */,
			);
			productName = ModelPickerApp;
			productReference = 4BFDE66D287FFB65009E5E32 /* ModelPickerApp.app */;
			productType = "com.apple.product-type.application";
		};
/* End PBXNativeTarget section */

/* Begin PBXProject section */
		4BFDE665287FFB65009E5E32 /* Project object */ = {
			isa = PBXProject;
			attributes = {
				BuildIndependentTargetsInParallel = 1;
				LastSwiftUpdateCheck = 1400;
				LastUpgradeCheck = 1400;
				TargetAttributes = {
					4BFDE66C287FFB65009E5E32 = {
						CreatedOnToolsVersion = 14.0;
					};
				};
			};
			buildConfigurationList = 4BFDE668287FFB65009E5E32 /* Build configuration list for PBXProject "ModelPickerApp" */;
			compatibilityVersion = "Xcode 14.0";
			developmentRegion = en;
			hasScannedForEncodings = 0;
			knownRegions = (
				en,
				Base,
			);
			mainGroup = 4BFDE664287FFB65009E5E32;
			packageReferences = (
				4BA151792881681A002F6804 /* XCRemoteSwiftPackageReference "FocusEntity" */,
			);
			productRefGroup = 4BFDE66E287FFB65009E5E32 /* Products */;
			projectDirPath = "";
			projectRoot = "";
			targets = (
				4BFDE66C287FFB65009E5E32 /* ModelPickerApp */,
			);
		};
/* End PBXProject section */

/* Begin PBXResourcesBuildPhase section */
		4BFDE66B287FFB65009E5E32 /* Resources */ = {
			isa = PBXResourcesBuildPhase;
			buildActionMask = 2147483647;
			files = (
				4BFDE67A287FFB65009E5E32 /* Preview Assets.xcassets in Resources */,
				4BFDE687288005C5009E5E32 /* toy_biplane.usdz in Resources */,
				4BFDE686288005C5009E5E32 /* toy_car.usdz in Resources */,
				4BFDE685288005C5009E5E32 /* gramophone.usdz in Resources */,
				4BFDE677287FFB65009E5E32 /* Assets.xcassets in Resources */,
				4BFDE688288005C5009E5E32 /* toy_drummer.usdz in Resources */,
			);
			runOnlyForDeploymentPostprocessing = 0;
		};
/* End PBXResourcesBuildPhase section */

/* Begin PBXSourcesBuildPhase section */
		4BFDE669287FFB65009E5E32 /* Sources */ = {
			isa = PBXSourcesBuildPhase;
			buildActionMask = 2147483647;
			files = (
				4BFDE673287FFB65009E5E32 /* ContentView.swift in Sources */,
				4BFDE671287FFB65009E5E32 /* AppDelegate.swift in Sources */,
				4BFDE675287FFB65009E5E32 /* Experience.rcproject in Sources */,
				4B2ACDD128815E6F00AC5599 /* Model.swift in Sources */,
			);
			runOnlyForDeploymentPostprocessing = 0;
		};
/* End PBXSourcesBuildPhase section */

/* Begin XCBuildConfiguration section */
		4BFDE67B287FFB65009E5E32 /* Debug */ = {
			isa = XCBuildConfiguration;
			buildSettings = {
				ALWAYS_SEARCH_USER_PATHS = NO;
				CLANG_ANALYZER_NONNULL = YES;
				CLANG_ANALYZER_NUMBER_OBJECT_CONVERSION = YES_AGGRESSIVE;
				CLANG_CXX_LANGUAGE_STANDARD = "gnu++17";
				CLANG_ENABLE_MODULES = YES;
				CLANG_ENABLE_OBJC_ARC = YES;
				CLANG_ENABLE_OBJC_WEAK = YES;
				CLANG_WARN_BLOCK_CAPTURE_AUTORELEASING = YES;
				CLANG_WARN_BOOL_CONVERSION = YES;
				CLANG_WARN_COMMA = YES;
				CLANG_WARN_CONSTANT_CONVERSION = YES;
				CLANG_WARN_DEPRECATED_OBJC_IMPLEMENTATIONS = YES;
				CLANG_WARN_DIRECT_OBJC_ISA_USAGE = YES_ERROR;
				CLANG_WARN_DOCUMENTATION_COMMENTS = YES;
				CLANG_WARN_EMPTY_BODY = YES;
				CLANG_WARN_ENUM_CONVERSION = YES;
				CLANG_WARN_INFINITE_RECURSION = YES;
				CLANG_WARN_INT_CONVERSION = YES;
				CLANG_WARN_NON_LITERAL_NULL_CONVERSION = YES;
				CLANG_WARN_OBJC_IMPLICIT_RETAIN_SELF = YES;
				CLANG_WARN_OBJC_LITERAL_CONVERSION = YES;
				CLANG_WARN_OBJC_ROOT_CLASS = YES_ERROR;
				CLANG_WARN_QUOTED_INCLUDE_IN_FRAMEWORK_HEADER = YES;
				CLANG_WARN_RANGE_LOOP_ANALYSIS = YES;
				CLANG_WARN_STRICT_PROTOTYPES = YES;
				CLANG_WARN_SUSPICIOUS_MOVE = YES;
				CLANG_WARN_UNGUARDED_AVAILABILITY = YES_AGGRESSIVE;
				CLANG_WARN_UNREACHABLE_CODE = YES;
				CLANG_WARN__DUPLICATE_METHOD_MATCH = YES;
				COPY_PHASE_STRIP = NO;
				DEBUG_INFORMATION_FORMAT = dwarf;
				ENABLE_STRICT_OBJC_MSGSEND = YES;
				ENABLE_TESTABILITY = YES;
				GCC_C_LANGUAGE_STANDARD = gnu11;
				GCC_DYNAMIC_NO_PIC = NO;
				GCC_NO_COMMON_BLOCKS = YES;
				GCC_OPTIMIZATION_LEVEL = 0;
				GCC_PREPROCESSOR_DEFINITIONS = (
					"DEBUG=1",
					"$(inherited)",
				);
				GCC_WARN_64_TO_32_BIT_CONVERSION = YES;
				GCC_WARN_ABOUT_RETURN_TYPE = YES_ERROR;
				GCC_WARN_UNDECLARED_SELECTOR = YES;
				GCC_WARN_UNINITIALIZED_AUTOS = YES_AGGRESSIVE;
				GCC_WARN_UNUSED_FUNCTION = YES;
				GCC_WARN_UNUSED_VARIABLE = YES;
				IPHONEOS_DEPLOYMENT_TARGET = 16.0;
				MTL_ENABLE_DEBUG_INFO = INCLUDE_SOURCE;
				MTL_FAST_MATH = YES;
				ONLY_ACTIVE_ARCH = YES;
				SDKROOT = iphoneos;
				SWIFT_ACTIVE_COMPILATION_CONDITIONS = DEBUG;
				SWIFT_OPTIMIZATION_LEVEL = "-Onone";
			};
			name = Debug;
		};
		4BFDE67C287FFB65009E5E32 /* Release */ = {
			isa = XCBuildConfiguration;
			buildSettings = {
				ALWAYS_SEARCH_USER_PATHS = NO;
				CLANG_ANALYZER_NONNULL = YES;
				CLANG_ANALYZER_NUMBER_OBJECT_CONVERSION = YES_AGGRESSIVE;
				CLANG_CXX_LANGUAGE_STANDARD = "gnu++17";
				CLANG_ENABLE_MODULES = YES;
				CLANG_ENABLE_OBJC_ARC = YES;
				CLANG_ENABLE_OBJC_WEAK = YES;
				CLANG_WARN_BLOCK_CAPTURE_AUTORELEASING = YES;
				CLANG_WARN_BOOL_CONVERSION = YES;
				CLANG_WARN_COMMA = YES;
				CLANG_WARN_CONSTANT_CONVERSION = YES;
				CLANG_WARN_DEPRECATED_OBJC_IMPLEMENTATIONS = YES;
				CLANG_WARN_DIRECT_OBJC_ISA_USAGE = YES_ERROR;
				CLANG_WARN_DOCUMENTATION_COMMENTS = YES;
				CLANG_WARN_EMPTY_BODY = YES;
				CLANG_WARN_ENUM_CONVERSION = YES;
				CLANG_WARN_INFINITE_RECURSION = YES;
				CLANG_WARN_INT_CONVERSION = YES;
				CLANG_WARN_NON_LITERAL_NULL_CONVERSION = YES;
				CLANG_WARN_OBJC_IMPLICIT_RETAIN_SELF = YES;
				CLANG_WARN_OBJC_LITERAL_CONVERSION = YES;
				CLANG_WARN_OBJC_ROOT_CLASS = YES_ERROR;
				CLANG_WARN_QUOTED_INCLUDE_IN_FRAMEWORK_HEADER = YES;
				CLANG_WARN_RANGE_LOOP_ANALYSIS = YES;
				CLANG_WARN_STRICT_PROTOTYPES = YES;
				CLANG_WARN_SUSPICIOUS_MOVE = YES;
				CLANG_WARN_UNGUARDED_AVAILABILITY = YES_AGGRESSIVE;
				CLANG_WARN_UNREACHABLE_CODE = YES;
				CLANG_WARN__DUPLICATE_METHOD_MATCH = YES;
				COPY_PHASE_STRIP = NO;
				DEBUG_INFORMATION_FORMAT = "dwarf-with-dsym";
				ENABLE_NS_ASSERTIONS = NO;
				ENABLE_STRICT_OBJC_MSGSEND = YES;
				GCC_C_LANGUAGE_STANDARD = gnu11;
				GCC_NO_COMMON_BLOCKS = YES;
				GCC_WARN_64_TO_32_BIT_CONVERSION = YES;
				GCC_WARN_ABOUT_RETURN_TYPE = YES_ERROR;
				GCC_WARN_UNDECLARED_SELECTOR = YES;
				GCC_WARN_UNINITIALIZED_AUTOS = YES_AGGRESSIVE;
				GCC_WARN_UNUSED_FUNCTION = YES;
				GCC_WARN_UNUSED_VARIABLE = YES;
				IPHONEOS_DEPLOYMENT_TARGET = 16.0;
				MTL_ENABLE_DEBUG_INFO = NO;
				MTL_FAST_MATH = YES;
				SDKROOT = iphoneos;
				SWIFT_COMPILATION_MODE = wholemodule;
				SWIFT_OPTIMIZATION_LEVEL = "-O";
				VALIDATE_PRODUCT = YES;
			};
			name = Release;
		};
		4BFDE67E287FFB65009E5E32 /* Debug */ = {
			isa = XCBuildConfiguration;
			buildSettings = {
				ASSETCATALOG_COMPILER_APPICON_NAME = AppIcon;
				ASSETCATALOG_COMPILER_GLOBAL_ACCENT_COLOR_NAME = AccentColor;
				CODE_SIGN_STYLE = Automatic;
				CURRENT_PROJECT_VERSION = 1;
				DEVELOPMENT_ASSET_PATHS = "\"ModelPickerApp/Preview Content\"";
				DEVELOPMENT_TEAM = P9TVSH3F53;
				ENABLE_PREVIEWS = YES;
				GENERATE_INFOPLIST_FILE = YES;
				INFOPLIST_KEY_NSCameraUsageDescription = "";
				INFOPLIST_KEY_UIApplicationSupportsIndirectInputEvents = YES;
				INFOPLIST_KEY_UILaunchScreen_Generation = YES;
				INFOPLIST_KEY_UIRequiredDeviceCapabilities = arkit;
				INFOPLIST_KEY_UIStatusBarHidden = YES;
				INFOPLIST_KEY_UISupportedInterfaceOrientations_iPad = "UIInterfaceOrientationPortrait UIInterfaceOrientationPortraitUpsideDown UIInterfaceOrientationLandscapeLeft UIInterfaceOrientationLandscapeRight";
				INFOPLIST_KEY_UISupportedInterfaceOrientations_iPhone = "UIInterfaceOrientationPortrait UIInterfaceOrientationLandscapeLeft UIInterfaceOrientationLandscapeRight";
				LD_RUNPATH_SEARCH_PATHS = (
					"$(inherited)",
					"@executable_path/Frameworks",
				);
				MARKETING_VERSION = 1.0;
				PRODUCT_BUNDLE_IDENTIFIER = com.yuchen.ModelPickerApp;
				PRODUCT_NAME = "$(TARGET_NAME)";
				SWIFT_EMIT_LOC_STRINGS = YES;
				SWIFT_VERSION = 5.0;
				TARGETED_DEVICE_FAMILY = "1,2";
			};
			name = Debug;
		};
		4BFDE67F287FFB65009E5E32 /* Release */ = {
			isa = XCBuildConfiguration;
			buildSettings = {
				ASSETCATALOG_COMPILER_APPICON_NAME = AppIcon;
				ASSETCATALOG_COMPILER_GLOBAL_ACCENT_COLOR_NAME = AccentColor;
				CODE_SIGN_STYLE = Automatic;
				CURRENT_PROJECT_VERSION = 1;
				DEVELOPMENT_ASSET_PATHS = "\"ModelPickerApp/Preview Content\"";
				DEVELOPMENT_TEAM = P9TVSH3F53;
				ENABLE_PREVIEWS = YES;
				GENERATE_INFOPLIST_FILE = YES;
				INFOPLIST_KEY_NSCameraUsageDescription = "";
				INFOPLIST_KEY_UIApplicationSupportsIndirectInputEvents = YES;
				INFOPLIST_KEY_UILaunchScreen_Generation = YES;
				INFOPLIST_KEY_UIRequiredDeviceCapabilities = arkit;
				INFOPLIST_KEY_UIStatusBarHidden = YES;
				INFOPLIST_KEY_UISupportedInterfaceOrientations_iPad = "UIInterfaceOrientationPortrait UIInterfaceOrientationPortraitUpsideDown UIInterfaceOrientationLandscapeLeft UIInterfaceOrientationLandscapeRight";
				INFOPLIST_KEY_UISupportedInterfaceOrientations_iPhone = "UIInterfaceOrientationPortrait UIInterfaceOrientationLandscapeLeft UIInterfaceOrientationLandscapeRight";
				LD_RUNPATH_SEARCH_PATHS = (
					"$(inherited)",
					"@executable_path/Frameworks",
				);
				MARKETING_VERSION = 1.0;
				PRODUCT_BUNDLE_IDENTIFIER = com.yuchen.ModelPickerApp;
				PRODUCT_NAME = "$(TARGET_NAME)";
				SWIFT_EMIT_LOC_STRINGS = YES;
				SWIFT_VERSION = 5.0;
				TARGETED_DEVICE_FAMILY = "1,2";
			};
			name = Release;
		};
/* End XCBuildConfiguration section */

/* Begin XCConfigurationList section */
		4BFDE668287FFB65009E5E32 /* Build configuration list for PBXProject "ModelPickerApp" */ = {
			isa = XCConfigurationList;
			buildConfigurations = (
				4BFDE67B287FFB65009E5E32 /* Debug */,
				4BFDE67C287FFB65009E5E32 /* Release */,
			);
			defaultConfigurationIsVisible = 0;
			defaultConfigurationName = Release;
		};
		4BFDE67D287FFB65009E5E32 /* Build configuration list for PBXNativeTarget "ModelPickerApp" */ = {
			isa = XCConfigurationList;
			buildConfigurations = (
				4BFDE67E287FFB65009E5E32 /* Debug */,
				4BFDE67F287FFB65009E5E32 /* Release */,
			);
			defaultConfigurationIsVisible = 0;
			defaultConfigurationName = Release;
		};
/* End XCConfigurationList section */

/* Begin XCRemoteSwiftPackageReference section */
		4BA151792881681A002F6804 /* XCRemoteSwiftPackageReference "FocusEntity" */ = {
			isa = XCRemoteSwiftPackageReference;
			repositoryURL = "https://github.com/maxxfrazer/FocusEntity";
			requirement = {
				branch = main;
				kind = branch;
			};
		};
/* End XCRemoteSwiftPackageReference section */

/* Begin XCSwiftPackageProductDependency section */
		4BA1517A2881681A002F6804 /* FocusEntity */ = {
			isa = XCSwiftPackageProductDependency;
			package = 4BA151792881681A002F6804 /* XCRemoteSwiftPackageReference "FocusEntity" */;
			productName = FocusEntity;
		};
/* End XCSwiftPackageProductDependency section */
	};
	rootObject = 4BFDE665287FFB65009E5E32 /* Project object */;
}
